{
  "name": "Culminating-ICS4U-3",
  "lockfileVersion": 2,
  "requires": true,
  "packages": {
    "": {
      "dependencies": {
        "emailjs-imap-client": "^3.1.0",
        "emailjs-mime-parser": "^2.0.7"
      }
    },
    "node_modules/emailjs-addressparser": {
      "version": "2.0.2",
      "resolved": "https://registry.npmjs.org/emailjs-addressparser/-/emailjs-addressparser-2.0.2.tgz",
      "integrity": "sha512-E6ztFf1ePtZEwqfN3aWsvZNcpBeDqgJbVL4D32dckHkcwdhJ1bhlE4MLvHBf/IoXQmJBgkKlwGP5/5l11EE5OQ=="
    },
    "node_modules/emailjs-base64": {
      "version": "1.1.4",
      "resolved": "https://registry.npmjs.org/emailjs-base64/-/emailjs-base64-1.1.4.tgz",
      "integrity": "sha512-4h0xp1jgVTnIQBHxSJWXWanNnmuc5o+k4aHEpcLXSToN8asjB5qbXAexs7+PEsUKcEyBteNYsSvXUndYT2CGGA=="
    },
    "node_modules/emailjs-imap-client": {
      "version": "3.1.0",
      "resolved": "https://registry.npmjs.org/emailjs-imap-client/-/emailjs-imap-client-3.1.0.tgz",
      "integrity": "sha512-YgWOmzxuD2/fGRL+VKDGt+nszHrUlz2BmD+gfM3+aeCzFF+Y+ayShylXl70rURRQ6a0TdEKp2Ty+kJB9d/lGJw==",
      "dependencies": {
        "emailjs-addressparser": "^2.0.2",
        "emailjs-base64": "^1.1.4",
        "emailjs-imap-handler": "^3.0.2",
        "emailjs-mime-codec": "^2.0.8",
        "emailjs-tcp-socket": "^2.0.2",
        "emailjs-utf7": "^4.0.1",
        "pako": "^1.0.10",
        "ramda": "^0.26.1"
      }
    },
    "node_modules/emailjs-imap-handler": {
      "version": "3.0.4",
      "resolved": "https://registry.npmjs.org/emailjs-imap-handler/-/emailjs-imap-handler-3.0.4.tgz",
      "integrity": "sha512-OKrmTATkLGP6etiUE3JzGbdMtrz5vaUDjv+N+arYIr0azgJfr29ZHs0shmn9KnqoxUg512GccB4UFRqJFCjzJA=="
    },
    "node_modules/emailjs-mime-codec": {
      "version": "2.0.9",
      "resolved": "https://registry.npmjs.org/emailjs-mime-codec/-/emailjs-mime-codec-2.0.9.tgz",
      "integrity": "sha512-7qJo4pFGcKlWh/kCeNjmcgj34YoJWY0ekZXEHYtluWg4MVBnXqGM4CRMtZQkfYwitOhUgaKN5EQktJddi/YIDQ==",
      "dependencies": {
        "emailjs-base64": "^1.1.4",
        "ramda": "^0.26.1",
        "text-encoding": "^0.7.0"
      }
    },
    "node_modules/emailjs-mime-parser": {
      "version": "2.0.7",
      "resolved": "https://registry.npmjs.org/emailjs-mime-parser/-/emailjs-mime-parser-2.0.7.tgz",
      "integrity": "sha512-rOrRtAzq0OVLrxbTkRLyrtoY/YQldPgIzAk6lcD3LfXR0Gw3+PzsN2rO1QENY+cIQD94vYr2t2Ri0Zxlc9aeew==",
      "dependencies": {
        "emailjs-addressparser": "^2.0.1",
        "emailjs-mime-codec": "^2.0.8",
        "ramda": "^0.26.1"
      }
    },
    "node_modules/emailjs-tcp-socket": {
      "version": "2.0.2",
      "resolved": "https://registry.npmjs.org/emailjs-tcp-socket/-/emailjs-tcp-socket-2.0.2.tgz",
      "integrity": "sha512-ro2G1WS7UQwFNpjrWRK6awjsBjG00Y4AxSEvuG1YUORzIqnzdOUVmaHnptZ8UFDPYglsu8O4nm6+luflmTy3Qg==",
      "deprecated": "This project is no longer maintained. Please reach out if you want to hop on as a maintainer.",
      "dependencies": {
        "node-forge": "^0.7.5",
        "ramda": "^0.25.0"
      }
    },
    "node_modules/emailjs-tcp-socket/node_modules/ramda": {
      "version": "0.25.0",
      "resolved": "https://registry.npmjs.org/ramda/-/ramda-0.25.0.tgz",
      "integrity": "sha512-GXpfrYVPwx3K7RQ6aYT8KPS8XViSXUVJT1ONhoKPE9VAleW42YE+U+8VEyGWt41EnEQW7gwecYJriTI0pKoecQ=="
    },
    "node_modules/emailjs-utf7": {
      "version": "4.0.1",
      "resolved": "https://registry.npmjs.org/emailjs-utf7/-/emailjs-utf7-4.0.1.tgz",
      "integrity": "sha512-bvBpXUEr3alogZjqwVasCKSjfzxleQ1TeO9NBtG4FvS2nfQDvzSW2gqEU0VcZJ6hD/xGl5j0kZiGegPHvgVyww==",
      "dependencies": {
        "emailjs-base64": "^1.1.2"
      }
    },
    "node_modules/node-forge": {
      "version": "0.7.6",
      "resolved": "https://registry.npmjs.org/node-forge/-/node-forge-0.7.6.tgz",
      "integrity": "sha512-sol30LUpz1jQFBjOKwbjxijiE3b6pjd74YwfD0fJOKPjF+fONKb2Yg8rYgS6+bK6VDl+/wfr4IYpC7jDzLUIfw==",
      "engines": {
        "node": "*"
      }
    },
    "node_modules/pako": {
      "version": "1.0.11",
      "resolved": "https://registry.npmjs.org/pako/-/pako-1.0.11.tgz",
      "integrity": "sha512-4hLB8Py4zZce5s4yd9XzopqwVv/yGNhV1Bl8NTmCq1763HeK2+EwVTv+leGeL13Dnh2wfbqowVPXCIO0z4taYw=="
    },
    "node_modules/ramda": {
      "version": "0.26.1",
      "resolved": "https://registry.npmjs.org/ramda/-/ramda-0.26.1.tgz",
      "integrity": "sha512-hLWjpy7EnsDBb0p+Z3B7rPi3GDeRG5ZtiI33kJhTt+ORCd38AbAIjB/9zRIUoeTbE/AVX5ZkU7m6bznsvrf8eQ=="
    },
    "node_modules/text-encoding": {
      "version": "0.7.0",
      "resolved": "https://registry.npmjs.org/text-encoding/-/text-encoding-0.7.0.tgz",
      "integrity": "sha512-oJQ3f1hrOnbRLOcwKz0Liq2IcrvDeZRHXhd9RgLrsT+DjWY/nty1Hi7v3dtkaEYbPYe0mUoOfzRrMwfXXwgPUA==",
      "deprecated": "no longer maintained"
    }
  },
  "dependencies": {
    "emailjs-addressparser": {
      "version": "2.0.2",
      "resolved": "https://registry.npmjs.org/emailjs-addressparser/-/emailjs-addressparser-2.0.2.tgz",
      "integrity": "sha512-E6ztFf1ePtZEwqfN3aWsvZNcpBeDqgJbVL4D32dckHkcwdhJ1bhlE4MLvHBf/IoXQmJBgkKlwGP5/5l11EE5OQ=="
    },
    "emailjs-base64": {
      "version": "1.1.4",
      "resolved": "https://registry.npmjs.org/emailjs-base64/-/emailjs-base64-1.1.4.tgz",
      "integrity": "sha512-4h0xp1jgVTnIQBHxSJWXWanNnmuc5o+k4aHEpcLXSToN8asjB5qbXAexs7+PEsUKcEyBteNYsSvXUndYT2CGGA=="
    },
    "emailjs-imap-client": {
      "version": "3.1.0",
      "resolved": "https://registry.npmjs.org/emailjs-imap-client/-/emailjs-imap-client-3.1.0.tgz",
      "integrity": "sha512-YgWOmzxuD2/fGRL+VKDGt+nszHrUlz2BmD+gfM3+aeCzFF+Y+ayShylXl70rURRQ6a0TdEKp2Ty+kJB9d/lGJw==",
      "requires": {
        "emailjs-addressparser": "^2.0.2",
        "emailjs-base64": "^1.1.4",
        "emailjs-imap-handler": "^3.0.2",
        "emailjs-mime-codec": "^2.0.8",
        "emailjs-tcp-socket": "^2.0.2",
        "emailjs-utf7": "^4.0.1",
        "pako": "^1.0.10",
        "ramda": "^0.26.1"
      }
    },
    "emailjs-imap-handler": {
      "version": "3.0.4",
      "resolved": "https://registry.npmjs.org/emailjs-imap-handler/-/emailjs-imap-handler-3.0.4.tgz",
      "integrity": "sha512-OKrmTATkLGP6etiUE3JzGbdMtrz5vaUDjv+N+arYIr0azgJfr29ZHs0shmn9KnqoxUg512GccB4UFRqJFCjzJA=="
    },
    "emailjs-mime-codec": {
      "version": "2.0.9",
      "resolved": "https://registry.npmjs.org/emailjs-mime-codec/-/emailjs-mime-codec-2.0.9.tgz",
      "integrity": "sha512-7qJo4pFGcKlWh/kCeNjmcgj34YoJWY0ekZXEHYtluWg4MVBnXqGM4CRMtZQkfYwitOhUgaKN5EQktJddi/YIDQ==",
      "requires": {
        "emailjs-base64": "^1.1.4",
        "ramda": "^0.26.1",
        "text-encoding": "^0.7.0"
      }
    },
    "emailjs-mime-parser": {
      "version": "2.0.7",
      "resolved": "https://registry.npmjs.org/emailjs-mime-parser/-/emailjs-mime-parser-2.0.7.tgz",
      "integrity": "sha512-rOrRtAzq0OVLrxbTkRLyrtoY/YQldPgIzAk6lcD3LfXR0Gw3+PzsN2rO1QENY+cIQD94vYr2t2Ri0Zxlc9aeew==",
      "requires": {
        "emailjs-addressparser": "^2.0.1",
        "emailjs-mime-codec": "^2.0.8",
        "ramda": "^0.26.1"
      }
    },
    "emailjs-tcp-socket": {
      "version": "2.0.2",
      "resolved": "https://registry.npmjs.org/emailjs-tcp-socket/-/emailjs-tcp-socket-2.0.2.tgz",
      "integrity": "sha512-ro2G1WS7UQwFNpjrWRK6awjsBjG00Y4AxSEvuG1YUORzIqnzdOUVmaHnptZ8UFDPYglsu8O4nm6+luflmTy3Qg==",
      "requires": {
        "node-forge": "^0.7.5",
        "ramda": "^0.25.0"
      },
      "dependencies": {
        "ramda": {
          "version": "0.25.0",
          "resolved": "https://registry.npmjs.org/ramda/-/ramda-0.25.0.tgz",
          "integrity": "sha512-GXpfrYVPwx3K7RQ6aYT8KPS8XViSXUVJT1ONhoKPE9VAleW42YE+U+8VEyGWt41EnEQW7gwecYJriTI0pKoecQ=="
        }
      }
    },
    "emailjs-utf7": {
      "version": "4.0.1",
      "resolved": "https://registry.npmjs.org/emailjs-utf7/-/emailjs-utf7-4.0.1.tgz",
      "integrity": "sha512-bvBpXUEr3alogZjqwVasCKSjfzxleQ1TeO9NBtG4FvS2nfQDvzSW2gqEU0VcZJ6hD/xGl5j0kZiGegPHvgVyww==",
      "requires": {
        "emailjs-base64": "^1.1.2"
      }
    },
    "node-forge": {
      "version": "0.7.6",
      "resolved": "https://registry.npmjs.org/node-forge/-/node-forge-0.7.6.tgz",
      "integrity": "sha512-sol30LUpz1jQFBjOKwbjxijiE3b6pjd74YwfD0fJOKPjF+fONKb2Yg8rYgS6+bK6VDl+/wfr4IYpC7jDzLUIfw=="
    },
    "pako": {
      "version": "1.0.11",
      "resolved": "https://registry.npmjs.org/pako/-/pako-1.0.11.tgz",
      "integrity": "sha512-4hLB8Py4zZce5s4yd9XzopqwVv/yGNhV1Bl8NTmCq1763HeK2+EwVTv+leGeL13Dnh2wfbqowVPXCIO0z4taYw=="
    },
    "ramda": {
      "version": "0.26.1",
      "resolved": "https://registry.npmjs.org/ramda/-/ramda-0.26.1.tgz",
      "integrity": "sha512-hLWjpy7EnsDBb0p+Z3B7rPi3GDeRG5ZtiI33kJhTt+ORCd38AbAIjB/9zRIUoeTbE/AVX5ZkU7m6bznsvrf8eQ=="
    },
    "text-encoding": {
      "version": "0.7.0",
      "resolved": "https://registry.npmjs.org/text-encoding/-/text-encoding-0.7.0.tgz",
      "integrity": "sha512-oJQ3f1hrOnbRLOcwKz0Liq2IcrvDeZRHXhd9RgLrsT+DjWY/nty1Hi7v3dtkaEYbPYe0mUoOfzRrMwfXXwgPUA=="
    }
  }
}
